{
  "name": "web-worker-fetch",
  "version": "1.0.0",
  "lockfileVersion": 1,
  "requires": true,
  "dependencies": {
    "comlink-fetch": {
      "version": "0.1.2",
      "resolved": "https://registry.npmjs.org/comlink-fetch/-/comlink-fetch-0.1.2.tgz",
      "integrity": "sha512-Unt2BIOsDH9onBRYJAyzxGTqxvbPF1rXU69t6p0Tlhf2yfsRW4aSmEIdc5ajn1fZSIfzdYnEC8yKCEbriPs2rg==",
      "requires": {
        "comlinkjs": "^2.3.1"
      }
    },
    "comlinkjs": {
      "version": "2.4.1",
      "resolved": "https://registry.npmjs.org/comlinkjs/-/comlinkjs-2.4.1.tgz",
      "integrity": "sha512-nifSjuwsqqNg2vq1vcFuKhqclFUA1R0Fal0vjE/TDXqOlaG4h9XRe2MRe2Wy+5aHVzqK/pI+03U327j2hFn1Zg=="
    }
  }
}
